// !$*UTF8*$!
{
	archiveVersion = 1;
	classes = {
	};
	objectVersion = 46;
	objects = {

/* Begin PBXBuildFile section */
		9E46E0D81CEBDD7D005B3D63 /* AppDelegate.swift in Sources */ = {isa = PBXBuildFile; fileRef = 9E46E0D71CEBDD7D005B3D63 /* AppDelegate.swift */; };
		9E46E0DA1CEBDD7D005B3D63 /* Assets.xcassets in Resources */ = {isa = PBXBuildFile; fileRef = 9E46E0D91CEBDD7D005B3D63 /* Assets.xcassets */; };
		9E46E0DD1CEBDD7D005B3D63 /* MainMenu.xib in Resources */ = {isa = PBXBuildFile; fileRef = 9E46E0DB1CEBDD7D005B3D63 /* MainMenu.xib */; };
		9E9EA7871CEBDEE400C85206 /* ImageViewController.swift in Sources */ = {isa = PBXBuildFile; fileRef = 9E9EA7851CEBDEE400C85206 /* ImageViewController.swift */; };
		9E9EA7881CEBDEE400C85206 /* ImageViewController.xib in Resources */ = {isa = PBXBuildFile; fileRef = 9E9EA7861CEBDEE400C85206 /* ImageViewController.xib */; };
/* End PBXBuildFile section */

/* Begin PBXFileReference section */
		9E46E0D41CEBDD7D005B3D63 /* ViewControll.app */ = {isa = PBXFileReference; explicitFileType = wrapper.application; includeInIndex = 0; path = ViewControll.app; sourceTree = BUILT_PRODUCTS_DIR; };
		9E46E0D71CEBDD7D005B3D63 /* AppDelegate.swift */ = {isa = PBXFileReference; lastKnownFileType = sourcecode.swift; path = AppDelegate.swift; sourceTree = "<group>"; };
		9E46E0D91CEBDD7D005B3D63 /* Assets.xcassets */ = {isa = PBXFileReference; lastKnownFileType = folder.assetcatalog; path = Assets.xcassets; sourceTree = "<group>"; };
		9E46E0DC1CEBDD7D005B3D63 /* Base */ = {isa = PBXFileReference; lastKnownFileType = file.xib; name = Base; path = Base.lproj/MainMenu.xib; sourceTree = "<group>"; };
		9E46E0DE1CEBDD7D005B3D63 /* Info.plist */ = {isa = PBXFileReference; lastKnownFileType = text.plist.xml; path = Info.plist; sourceTree = "<group>"; };
		9E9EA7851CEBDEE400C85206 /* ImageViewController.swift */ = {isa = PBXFileReference; fileEncoding = 4; lastKnownFileType = sourcecode.swift; path = ImageViewController.swift; sourceTree = "<group>"; };
		9E9EA7861CEBDEE400C85206 /* ImageViewController.xib */ = {isa = PBXFileReference; fileEncoding = 4; lastKnownFileType = file.xib; path = ImageViewController.xib; sourceTree = "<group>"; };
/* End PBXFileReference section */

/* Begin PBXFrameworksBuildPhase section */
		9E46E0D11CEBDD7D005B3D63 /* Frameworks */ = {
			isa = PBXFrameworksBuildPhase;
			buildActionMask = 2147483647;
			files = (
			);
			runOnlyForDeploymentPostprocessing = 0;
		};
/* End PBXFrameworksBuildPhase section */

/* Begin PBXGroup section */
		9E46E0CB1CEBDD7D005B3D63 = {
			isa = PBXGroup;
			children = (
				9E46E0D61CEBDD7D005B3D63 /* ViewControll */,
				9E46E0D51CEBDD7D005B3D63 /* Products */,
			);
			sourceTree = "<group>";
		};
		9E46E0D51CEBDD7D005B3D63 /* Products */ = {
			isa = PBXGroup;
			children = (
				9E46E0D41CEBDD7D005B3D63 /* ViewControll.app */,
			);
			name = Products;
			sourceTree = "<group>";
		};
		9E46E0D61CEBDD7D005B3D63 /* ViewControll */ = {
			isa = PBXGroup;
			children = (
				9E46E0D71CEBDD7D005B3D63 /* AppDelegate.swift */,
				9E46E0D91CEBDD7D005B3D63 /* Assets.xcassets */,
				9E46E0DB1CEBDD7D005B3D63 /* MainMenu.xib */,
				9E9EA7851CEBDEE400C85206 /* ImageViewController.swift */,
				9E9EA7861CEBDEE400C85206 /* ImageViewController.xib */,
				9E46E0DE1CEBDD7D005B3D63 /* Info.plist */,
			);
			path = ViewControll;
			sourceTree = "<group>";
		};
/* End PBXGroup section */

/* Begin PBXNativeTarget section */
		9E46E0D31CEBDD7D005B3D63 /* ViewControll */ = {
			isa = PBXNativeTarget;
			buildConfigurationList = 9E46E0E11CEBDD7D005B3D63 /* Build configuration list for PBXNativeTarget "ViewControll" */;
			buildPhases = (
				9E46E0D01CEBDD7D005B3D63 /* Sources */,
				9E46E0D11CEBDD7D005B3D63 /* Frameworks */,
				9E46E0D21CEBDD7D005B3D63 /* Resources */,
			);
			buildRules = (
			);
			dependencies = (
			);
			name = ViewControll;
			productName = ViewControll;
			productReference = 9E46E0D41CEBDD7D005B3D63 /* ViewControll.app */;
			productType = "com.apple.product-type.application";
		};
/* End PBXNativeTarget section */

/* Begin PBXProject section */
		9E46E0CC1CEBDD7D005B3D63 /* Project object */ = {
			isa = PBXProject;
			attributes = {
				LastSwiftUpdateCheck = 0730;
				LastUpgradeCheck = 0730;
				ORGANIZATIONNAME = Sebastian;
				TargetAttributes = {
					9E46E0D31CEBDD7D005B3D63 = {
						CreatedOnToolsVersion = 7.3.1;
					};
				};
			};
			buildConfigurationList = 9E46E0CF1CEBDD7D005B3D63 /* Build configuration list for PBXProject "ViewControll" */;
			compatibilityVersion = "Xcode 3.2";
			developmentRegion = English;
			hasScannedForEncodings = 0;
			knownRegions = (
				en,
				Base,
			);
			mainGroup = 9E46E0CB1CEBDD7D005B3D63;
			productRefGroup = 9E46E0D51CEBDD7D005B3D63 /* Products */;
			projectDirPath = "";
			projectRoot = "";
			targets = (
				9E46E0D31CEBDD7D005B3D63 /* ViewControll */,
			);
		};
/* End PBXProject section */

/* Begin PBXResourcesBuildPhase section */
		9E46E0D21CEBDD7D005B3D63 /* Resources */ = {
			isa = PBXResourcesBuildPhase;
			buildActionMask = 2147483647;
			files = (
				9E46E0DA1CEBDD7D005B3D63 /* Assets.xcassets in Resources */,
				9E9EA7881CEBDEE400C85206 /* ImageViewController.xib in Resources */,
				9E46E0DD1CEBDD7D005B3D63 /* MainMenu.xib in Resources */,
			);
			runOnlyForDeploymentPostprocessing = 0;
		};
/* End PBXResourcesBuildPhase section */

/* Begin PBXSourcesBuildPhase section */
		9E46E0D01CEBDD7D005B3D63 /* Sources */ = {
			isa = PBXSourcesBuildPhase;
			buildActionMask = 2147483647;
			files = (
				9E9EA7871CEBDEE400C85206 /* ImageViewController.swift in Sources */,
				9E46E0D81CEBDD7D005B3D63 /* AppDelegate.swift in Sources */,
			);
			runOnlyForDeploymentPostprocessing = 0;
		};
/* End PBXSourcesBuildPhase section */

/* Begin PBXVariantGroup section */
		9E46E0DB1CEBDD7D005B3D63 /* MainMenu.xib */ = {
			isa = PBXVariantGroup;
			children = (
				9E46E0DC1CEBDD7D005B3D63 /* Base */,
			);
			name = MainMenu.xib;
			sourceTree = "<group>";
		};
/* End PBXVariantGroup section */

/* Begin XCBuildConfiguration section */
		9E46E0DF1CEBDD7D005B3D63 /* Debug */ = {
			isa = XCBuildConfiguration;
			buildSettings = {
				ALWAYS_SEARCH_USER_PATHS = NO;
				CLANG_ANALYZER_NONNULL = YES;
				CLANG_CXX_LANGUAGE_STANDARD = "gnu++0x";
				CLANG_CXX_LIBRARY = "libc++";
				CLANG_ENABLE_MODULES = YES;
				CLANG_ENABLE_OBJC_ARC = YES;
				CLANG_WARN_BOOL_CONVERSION = YES;
				CLANG_WARN_CONSTANT_CONVERSION = YES;
				CLANG_WARN_DIRECT_OBJC_ISA_USAGE = YES_ERROR;
				CLANG_WARN_EMPTY_BODY = YES;
				CLANG_WARN_ENUM_CONVERSION = YES;
				CLANG_WARN_INT_CONVERSION = YES;
				CLANG_WARN_OBJC_ROOT_CLASS = YES_ERROR;
				CLANG_WARN_UNREACHABLE_CODE = YES;
				CLANG_WARN__DUPLICATE_METHOD_MATCH = YES;
				CODE_SIGN_IDENTITY = "-";
				COPY_PHASE_STRIP = NO;
				DEBUG_INFORMATION_FORMAT = dwarf;
				ENABLE_STRICT_OBJC_MSGSEND = YES;
				ENABLE_TESTABILITY = YES;
				GCC_C_LANGUAGE_STANDARD = gnu99;
				GCC_DYNAMIC_NO_PIC = NO;
				GCC_NO_COMMON_BLOCKS = YES;
				GCC_OPTIMIZATION_LEVEL = 0;
				GCC_PREPROCESSOR_DEFINITIONS = (
					"DEBUG=1",
					"$(inherited)",
				);
				GCC_WARN_64_TO_32_BIT_CONVERSION = YES;
				GCC_WARN_ABOUT_RETURN_TYPE = YES_ERROR;
				GCC_WARN_UNDECLARED_SELECTOR = YES;
				GCC_WARN_UNINITIALIZED_AUTOS = YES_AGGRESSIVE;
				GCC_WARN_UNUSED_FUNCTION = YES;
				GCC_WARN_UNUSED_VARIABLE = YES;
				MACOSX_DEPLOYMENT_TARGET = 10.11;
				MTL_ENABLE_DEBUG_INFO = YES;
				ONLY_ACTIVE_ARCH = YES;
				SDKROOT = macosx;
				SWIFT_OPTIMIZATION_LEVEL = "-Onone";
			};
			name = Debug;
		};
		9E46E0E01CEBDD7D005B3D63 /* Release */ = {
			isa = XCBuildConfiguration;
			buildSettings = {
				ALWAYS_SEARCH_USER_PATHS = NO;
				CLANG_ANALYZER_NONNULL = YES;
				CLANG_CXX_LANGUAGE_STANDARD = "gnu++0x";
				CLANG_CXX_LIBRARY = "libc++";
				CLANG_ENABLE_MODULES = YES;
				CLANG_ENABLE_OBJC_ARC = YES;
				CLANG_WARN_BOOL_CONVERSION = YES;
				CLANG_WARN_CONSTANT_CONVERSION = YES;
				CLANG_WARN_DIRECT_OBJC_ISA_USAGE = YES_ERROR;
				CLANG_WARN_EMPTY_BODY = YES;
				CLANG_WARN_ENUM_CONVERSION = YES;
				CLANG_WARN_INT_CONVERSION = YES;
				CLANG_WARN_OBJC_ROOT_CLASS = YES_ERROR;
				CLANG_WARN_UNREACHABLE_CODE = YES;
				CLANG_WARN__DUPLICATE_METHOD_MATCH = YES;
				CODE_SIGN_IDENTITY = "-";
				COPY_PHASE_STRIP = NO;
				DEBUG_INFORMATION_FORMAT = "dwarf-with-dsym";
				ENABLE_NS_ASSERTIONS = NO;
				ENABLE_STRICT_OBJC_MSGSEND = YES;
				GCC_C_LANGUAGE_STANDARD = gnu99;
				GCC_NO_COMMON_BLOCKS = YES;
				GCC_WARN_64_TO_32_BIT_CONVERSION = YES;
				GCC_WARN_ABOUT_RETURN_TYPE = YES_ERROR;
				GCC_WARN_UNDECLARED_SELECTOR = YES;
				GCC_WARN_UNINITIALIZED_AUTOS = YES_AGGRESSIVE;
				GCC_WARN_UNUSED_FUNCTION = YES;
				GCC_WARN_UNUSED_VARIABLE = YES;
				MACOSX_DEPLOYMENT_TARGET = 10.11;
				MTL_ENABLE_DEBUG_INFO = NO;
				SDKROOT = macosx;
			};
			name = Release;
		};
		9E46E0E21CEBDD7D005B3D63 /* Debug */ = {
			isa = XCBuildConfiguration;
			buildSettings = {
				ASSETCATALOG_COMPILER_APPICON_NAME = AppIcon;
				COMBINE_HIDPI_IMAGES = YES;
				INFOPLIST_FILE = ViewControll/Info.plist;
				LD_RUNPATH_SEARCH_PATHS = "$(inherited) @executable_path/../Frameworks";
				PRODUCT_BUNDLE_IDENTIFIER = com.landab.ViewControll;
				PRODUCT_NAME = "$(TARGET_NAME)";
			};
			name = Debug;
		};
		9E46E0E31CEBDD7D005B3D63 /* Release */ = {
			isa = XCBuildConfiguration;
			buildSettings = {
				ASSETCATALOG_COMPILER_APPICON_NAME = AppIcon;
				COMBINE_HIDPI_IMAGES = YES;
				INFOPLIST_FILE = ViewControll/Info.plist;
				LD_RUNPATH_SEARCH_PATHS = "$(inherited) @executable_path/../Frameworks";
				PRODUCT_BUNDLE_IDENTIFIER = com.landab.ViewControll;
				PRODUCT_NAME = "$(TARGET_NAME)";
			};
			name = Release;
		};
/* End XCBuildConfiguration section */

/* Begin XCConfigurationList section */
		9E46E0CF1CEBDD7D005B3D63 /* Build configuration list for PBXProject "ViewControll" */ = {
			isa = XCConfigurationList;
			buildConfigurations = (
				9E46E0DF1CEBDD7D005B3D63 /* Debug */,
				9E46E0E01CEBDD7D005B3D63 /* Release */,
			);
			defaultConfigurationIsVisible = 0;
			defaultConfigurationName = Release;
		};
		9E46E0E11CEBDD7D005B3D63 /* Build configuration list for PBXNativeTarget "ViewControll" */ = {
			isa = XCConfigurationList;
			buildConfigurations = (
				9E46E0E21CEBDD7D005B3D63 /* Debug */,
				9E46E0E31CEBDD7D005B3D63 /* Release */,
			);
			defaultConfigurationIsVisible = 0;
			defaultConfigurationName = Release;
		};
/* End XCConfigurationList section */
	};
	rootObject = 9E46E0CC1CEBDD7D005B3D63 /* Project object */;
}
